
Microsoft Visual Studio Solution File, Format Version 12.00
# Visual Studio Version 16
VisualStudioVersion = 16.0.30011.22
MinimumVisualStudioVersion = 10.0.40219.1
Project("{FAE04EC0-301F-11D3-BF4B-00C04F79EFBC}") = "SporSalonuOtomasyonu", "SporSalonuOtomasyonu\SporSalonuOtomasyonu.csproj", "{426C377D-5F1A-429A-A395-80163D9B2227}"
EndProject
Global
	GlobalSection(SolutionConfigurationPlatforms) = preSolution
		Debug|Any CPU = Debug|Any CPU
		Release|Any CPU = Release|Any CPU
	EndGlobalSection
	GlobalSection(ProjectConfigurationPlatforms) = postSolution
		{426C377D-5F1A-429A-A395-80163D9B2227}.Debug|Any CPU.ActiveCfg = Debug|Any CPU
		{426C377D-5F1A-429A-A395-80163D9B2227}.Debug|Any CPU.Build.0 = Debug|Any CPU
		{426C377D-5F1A-429A-A395-80163D9B2227}.Release|Any CPU.ActiveCfg = Release|Any CPU
		{426C377D-5F1A-429A-A395-80163D9B2227}.Release|Any CPU.Build.0 = Release|Any CPU
	EndGlobalSection
	GlobalSection(SolutionProperties) = preSolution
		HideSolutionNode = FALSE
	EndGlobalSection
	GlobalSection(ExtensibilityGlobals) = postSolution
		SolutionGuid = {36F07094-7A54-447C-99CB-D615E52787E9}
	EndGlobalSection
EndGlobal
